
Microsoft Visual Studio Solution File, Format Version 12.00
# Visual Studio 15
VisualStudioVersion = 15.0.27130.2027
MinimumVisualStudioVersion = 10.0.40219.1
Project("{FAE04EC0-301F-11D3-BF4B-00C04F79EFBC}") = "Pantry.Android", "Pantry\Pantry.Android\Pantry.Android.csproj", "{0D543F58-01D7-4A98-B871-762FA0F352FA}"
EndProject
Project("{FAE04EC0-301F-11D3-BF4B-00C04F79EFBC}") = "Pantry", "Pantry\Pantry\Pantry.csproj", "{AE29327E-0618-41DB-B1EB-A1DDFC8134FD}"
EndProject
Global
	GlobalSection(SolutionConfigurationPlatforms) = preSolution
		Debug|Any CPU = Debug|Any CPU
		Release|Any CPU = Release|Any CPU
	EndGlobalSection
	GlobalSection(ProjectConfigurationPlatforms) = postSolution
		{0D543F58-01D7-4A98-B871-762FA0F352FA}.Debug|Any CPU.ActiveCfg = Debug|Any CPU
		{0D543F58-01D7-4A98-B871-762FA0F352FA}.Debug|Any CPU.Build.0 = Debug|Any CPU
		{0D543F58-01D7-4A98-B871-762FA0F352FA}.Debug|Any CPU.Deploy.0 = Debug|Any CPU
		{0D543F58-01D7-4A98-B871-762FA0F352FA}.Release|Any CPU.ActiveCfg = Release|Any CPU
		{0D543F58-01D7-4A98-B871-762FA0F352FA}.Release|Any CPU.Build.0 = Release|Any CPU
		{0D543F58-01D7-4A98-B871-762FA0F352FA}.Release|Any CPU.Deploy.0 = Release|Any CPU
		{AE29327E-0618-41DB-B1EB-A1DDFC8134FD}.Debug|Any CPU.ActiveCfg = Debug|Any CPU
		{AE29327E-0618-41DB-B1EB-A1DDFC8134FD}.Debug|Any CPU.Build.0 = Debug|Any CPU
		{AE29327E-0618-41DB-B1EB-A1DDFC8134FD}.Release|Any CPU.ActiveCfg = Release|Any CPU
		{AE29327E-0618-41DB-B1EB-A1DDFC8134FD}.Release|Any CPU.Build.0 = Release|Any CPU
	EndGlobalSection
	GlobalSection(SolutionProperties) = preSolution
		HideSolutionNode = FALSE
	EndGlobalSection
	GlobalSection(ExtensibilityGlobals) = postSolution
		SolutionGuid = {FFDAE8A2-CA9E-407F-A5C0-AAF8ADC3EB2D}
	EndGlobalSection
EndGlobal
